
Microsoft Visual Studio Solution File, Format Version 12.00
# Visual Studio Version 17
VisualStudioVersion = 17.14.36511.14 d17.14
MinimumVisualStudioVersion = 10.0.40219.1
Project("{FAE04EC0-301F-11D3-BF4B-00C04F79EFBC}") = "CS332-Lab2", "CS332-Lab2.csproj", "{CF89E5B4-6067-4F04-981E-91AACA5EF2D8}"
EndProject
Global
	GlobalSection(SolutionConfigurationPlatforms) = preSolution
		Debug|Any CPU = Debug|Any CPU
		Release|Any CPU = Release|Any CPU
	EndGlobalSection
	GlobalSection(ProjectConfigurationPlatforms) = postSolution
		{CF89E5B4-6067-4F04-981E-91AACA5EF2D8}.Debug|Any CPU.ActiveCfg = Debug|Any CPU
		{CF89E5B4-6067-4F04-981E-91AACA5EF2D8}.Debug|Any CPU.Build.0 = Debug|Any CPU
		{CF89E5B4-6067-4F04-981E-91AACA5EF2D8}.Release|Any CPU.ActiveCfg = Release|Any CPU
		{CF89E5B4-6067-4F04-981E-91AACA5EF2D8}.Release|Any CPU.Build.0 = Release|Any CPU
	EndGlobalSection
	GlobalSection(SolutionProperties) = preSolution
		HideSolutionNode = FALSE
	EndGlobalSection
	GlobalSection(ExtensibilityGlobals) = postSolution
		SolutionGuid = {A61151E8-BEA7-46EE-9648-A1DF9725F2A3}
	EndGlobalSection
EndGlobal
